
Microsoft Visual Studio Solution File, Format Version 12.00
# Visual Studio Version 17
VisualStudioVersion = 17.2.32516.85
MinimumVisualStudioVersion = 10.0.40219.1
Project("{FAE04EC0-301F-11D3-BF4B-00C04F79EFBC}") = "ShiftWorkApp", "ShiftWorkApp\ShiftWorkApp.csproj", "{953F6339-8503-4146-BD1E-84CDEBF3FA70}"
EndProject
Global
	GlobalSection(SolutionConfigurationPlatforms) = preSolution
		Debug|Any CPU = Debug|Any CPU
		Release|Any CPU = Release|Any CPU
	EndGlobalSection
	GlobalSection(ProjectConfigurationPlatforms) = postSolution
		{953F6339-8503-4146-BD1E-84CDEBF3FA70}.Debug|Any CPU.ActiveCfg = Debug|Any CPU
		{953F6339-8503-4146-BD1E-84CDEBF3FA70}.Debug|Any CPU.Build.0 = Debug|Any CPU
		{953F6339-8503-4146-BD1E-84CDEBF3FA70}.Release|Any CPU.ActiveCfg = Release|Any CPU
		{953F6339-8503-4146-BD1E-84CDEBF3FA70}.Release|Any CPU.Build.0 = Release|Any CPU
	EndGlobalSection
	GlobalSection(SolutionProperties) = preSolution
		HideSolutionNode = FALSE
	EndGlobalSection
	GlobalSection(ExtensibilityGlobals) = postSolution
		SolutionGuid = {E80F09CC-2ACD-49E4-975F-3B8FDD20FEB1}
	EndGlobalSection
EndGlobal
